// !$*UTF8*$!
{
	archiveVersion = 1;
	classes = {
	};
	objectVersion = 46;
	objects = {

/* Begin PBXBuildFile section */
		F470308B1E0AD1270050257A /* AppDelegate.swift in Sources */ = {isa = PBXBuildFile; fileRef = F470308A1E0AD1270050257A /* AppDelegate.swift */; };
		F470308D1E0AD1270050257A /* ViewController.swift in Sources */ = {isa = PBXBuildFile; fileRef = F470308C1E0AD1270050257A /* ViewController.swift */; };
		F47030901E0AD1270050257A /* Main.storyboard in Resources */ = {isa = PBXBuildFile; fileRef = F470308E1E0AD1270050257A /* Main.storyboard */; };
		F47030921E0AD1270050257A /* Assets.xcassets in Resources */ = {isa = PBXBuildFile; fileRef = F47030911E0AD1270050257A /* Assets.xcassets */; };
		F47030951E0AD1270050257A /* LaunchScreen.storyboard in Resources */ = {isa = PBXBuildFile; fileRef = F47030931E0AD1270050257A /* LaunchScreen.storyboard */; };
/* End PBXBuildFile section */

/* Begin PBXFileReference section */
		F47030871E0AD1270050257A /* Chevaun.app */ = {isa = PBXFileReference; explicitFileType = wrapper.application; includeInIndex = 0; path = Chevaun.app; sourceTree = BUILT_PRODUCTS_DIR; };
		F470308A1E0AD1270050257A /* AppDelegate.swift */ = {isa = PBXFileReference; lastKnownFileType = sourcecode.swift; path = AppDelegate.swift; sourceTree = "<group>"; };
		F470308C1E0AD1270050257A /* ViewController.swift */ = {isa = PBXFileReference; lastKnownFileType = sourcecode.swift; path = ViewController.swift; sourceTree = "<group>"; };
		F470308F1E0AD1270050257A /* Base */ = {isa = PBXFileReference; lastKnownFileType = file.storyboard; name = Base; path = Base.lproj/Main.storyboard; sourceTree = "<group>"; };
		F47030911E0AD1270050257A /* Assets.xcassets */ = {isa = PBXFileReference; lastKnownFileType = folder.assetcatalog; path = Assets.xcassets; sourceTree = "<group>"; };
		F47030941E0AD1270050257A /* Base */ = {isa = PBXFileReference; lastKnownFileType = file.storyboard; name = Base; path = Base.lproj/LaunchScreen.storyboard; sourceTree = "<group>"; };
		F47030961E0AD1270050257A /* Info.plist */ = {isa = PBXFileReference; lastKnownFileType = text.plist.xml; path = Info.plist; sourceTree = "<group>"; };
/* End PBXFileReference section */

/* Begin PBXFrameworksBuildPhase section */
		F47030841E0AD1270050257A /* Frameworks */ = {
			isa = PBXFrameworksBuildPhase;
			buildActionMask = 2147483647;
			files = (
			);
			runOnlyForDeploymentPostprocessing = 0;
		};
/* End PBXFrameworksBuildPhase section */

/* Begin PBXGroup section */
		F470307E1E0AD1270050257A = {
			isa = PBXGroup;
			children = (
				F47030891E0AD1270050257A /* Chevaun */,
				F47030881E0AD1270050257A /* Products */,
			);
			sourceTree = "<group>";
		};
		F47030881E0AD1270050257A /* Products */ = {
			isa = PBXGroup;
			children = (
				F47030871E0AD1270050257A /* Chevaun.app */,
			);
			name = Products;
			sourceTree = "<group>";
		};
		F47030891E0AD1270050257A /* Chevaun */ = {
			isa = PBXGroup;
			children = (
				F470308A1E0AD1270050257A /* AppDelegate.swift */,
				F470308C1E0AD1270050257A /* ViewController.swift */,
				F470308E1E0AD1270050257A /* Main.storyboard */,
				F47030911E0AD1270050257A /* Assets.xcassets */,
				F47030931E0AD1270050257A /* LaunchScreen.storyboard */,
				F47030961E0AD1270050257A /* Info.plist */,
			);
			path = Chevaun;
			sourceTree = "<group>";
		};
/* End PBXGroup section */

/* Begin PBXNativeTarget section */
		F47030861E0AD1270050257A /* Chevaun */ = {
			isa = PBXNativeTarget;
			buildConfigurationList = F47030991E0AD1270050257A /* Build configuration list for PBXNativeTarget "Chevaun" */;
			buildPhases = (
				F47030831E0AD1270050257A /* Sources */,
				F47030841E0AD1270050257A /* Frameworks */,
				F47030851E0AD1270050257A /* Resources */,
			);
			buildRules = (
			);
			dependencies = (
			);
			name = Chevaun;
			productName = Chevaun;
			productReference = F47030871E0AD1270050257A /* Chevaun.app */;
			productType = "com.apple.product-type.application";
		};
/* End PBXNativeTarget section */

/* Begin PBXProject section */
		F470307F1E0AD1270050257A /* Project object */ = {
			isa = PBXProject;
			attributes = {
				LastSwiftUpdateCheck = 0820;
				LastUpgradeCheck = 0820;
				ORGANIZATIONNAME = MLBNP;
				TargetAttributes = {
					F47030861E0AD1270050257A = {
						CreatedOnToolsVersion = 8.2.1;
						DevelopmentTeam = G7TV7283LG;
						ProvisioningStyle = Automatic;
					};
				};
			};
			buildConfigurationList = F47030821E0AD1270050257A /* Build configuration list for PBXProject "Chevaun" */;
			compatibilityVersion = "Xcode 3.2";
			developmentRegion = English;
			hasScannedForEncodings = 0;
			knownRegions = (
				en,
				Base,
			);
			mainGroup = F470307E1E0AD1270050257A;
			productRefGroup = F47030881E0AD1270050257A /* Products */;
			projectDirPath = "";
			projectRoot = "";
			targets = (
				F47030861E0AD1270050257A /* Chevaun */,
			);
		};
/* End PBXProject section */

/* Begin PBXResourcesBuildPhase section */
		F47030851E0AD1270050257A /* Resources */ = {
			isa = PBXResourcesBuildPhase;
			buildActionMask = 2147483647;
			files = (
				F47030951E0AD1270050257A /* LaunchScreen.storyboard in Resources */,
				F47030921E0AD1270050257A /* Assets.xcassets in Resources */,
				F47030901E0AD1270050257A /* Main.storyboard in Resources */,
			);
			runOnlyForDeploymentPostprocessing = 0;
		};
/* End PBXResourcesBuildPhase section */

/* Begin PBXSourcesBuildPhase section */
		F47030831E0AD1270050257A /* Sources */ = {
			isa = PBXSourcesBuildPhase;
			buildActionMask = 2147483647;
			files = (
				F470308D1E0AD1270050257A /* ViewController.swift in Sources */,
				F470308B1E0AD1270050257A /* AppDelegate.swift in Sources */,
			);
			runOnlyForDeploymentPostprocessing = 0;
		};
/* End PBXSourcesBuildPhase section */

/* Begin PBXVariantGroup section */
		F470308E1E0AD1270050257A /* Main.storyboard */ = {
			isa = PBXVariantGroup;
			children = (
				F470308F1E0AD1270050257A /* Base */,
			);
			name = Main.storyboard;
			sourceTree = "<group>";
		};
		F47030931E0AD1270050257A /* LaunchScreen.storyboard */ = {
			isa = PBXVariantGroup;
			children = (
				F47030941E0AD1270050257A /* Base */,
			);
			name = LaunchScreen.storyboard;
			sourceTree = "<group>";
		};
/* End PBXVariantGroup section */

/* Begin XCBuildConfiguration section */
		F47030971E0AD1270050257A /* Debug */ = {
			isa = XCBuildConfiguration;
			buildSettings = {
				ALWAYS_SEARCH_USER_PATHS = NO;
				CLANG_ANALYZER_NONNULL = YES;
				CLANG_CXX_LANGUAGE_STANDARD = "gnu++0x";
				CLANG_CXX_LIBRARY = "libc++";
				CLANG_ENABLE_MODULES = YES;
				CLANG_ENABLE_OBJC_ARC = YES;
				CLANG_WARN_BOOL_CONVERSION = YES;
				CLANG_WARN_CONSTANT_CONVERSION = YES;
				CLANG_WARN_DIRECT_OBJC_ISA_USAGE = YES_ERROR;
				CLANG_WARN_DOCUMENTATION_COMMENTS = YES;
				CLANG_WARN_EMPTY_BODY = YES;
				CLANG_WARN_ENUM_CONVERSION = YES;
				CLANG_WARN_INFINITE_RECURSION = YES;
				CLANG_WARN_INT_CONVERSION = YES;
				CLANG_WARN_OBJC_ROOT_CLASS = YES_ERROR;
				CLANG_WARN_SUSPICIOUS_MOVE = YES;
				CLANG_WARN_UNREACHABLE_CODE = YES;
				CLANG_WARN__DUPLICATE_METHOD_MATCH = YES;
				"CODE_SIGN_IDENTITY[sdk=iphoneos*]" = "iPhone Developer";
				COPY_PHASE_STRIP = NO;
				DEBUG_INFORMATION_FORMAT = dwarf;
				ENABLE_STRICT_OBJC_MSGSEND = YES;
				ENABLE_TESTABILITY = YES;
				GCC_C_LANGUAGE_STANDARD = gnu99;
				GCC_DYNAMIC_NO_PIC = NO;
				GCC_NO_COMMON_BLOCKS = YES;
				GCC_OPTIMIZATION_LEVEL = 0;
				GCC_PREPROCESSOR_DEFINITIONS = (
					"DEBUG=1",
					"$(inherited)",
				);
				GCC_WARN_64_TO_32_BIT_CONVERSION = YES;
				GCC_WARN_ABOUT_RETURN_TYPE = YES_ERROR;
				GCC_WARN_UNDECLARED_SELECTOR = YES;
				GCC_WARN_UNINITIALIZED_AUTOS = YES_AGGRESSIVE;
				GCC_WARN_UNUSED_FUNCTION = YES;
				GCC_WARN_UNUSED_VARIABLE = YES;
				IPHONEOS_DEPLOYMENT_TARGET = 10.2;
				MTL_ENABLE_DEBUG_INFO = YES;
				ONLY_ACTIVE_ARCH = YES;
				SDKROOT = iphoneos;
				SWIFT_ACTIVE_COMPILATION_CONDITIONS = DEBUG;
				SWIFT_OPTIMIZATION_LEVEL = "-Onone";
			};
			name = Debug;
		};
		F47030981E0AD1270050257A /* Release */ = {
			isa = XCBuildConfiguration;
			buildSettings = {
				ALWAYS_SEARCH_USER_PATHS = NO;
				CLANG_ANALYZER_NONNULL = YES;
				CLANG_CXX_LANGUAGE_STANDARD = "gnu++0x";
				CLANG_CXX_LIBRARY = "libc++";
				CLANG_ENABLE_MODULES = YES;
				CLANG_ENABLE_OBJC_ARC = YES;
				CLANG_WARN_BOOL_CONVERSION = YES;
				CLANG_WARN_CONSTANT_CONVERSION = YES;
				CLANG_WARN_DIRECT_OBJC_ISA_USAGE = YES_ERROR;
				CLANG_WARN_DOCUMENTATION_COMMENTS = YES;
				CLANG_WARN_EMPTY_BODY = YES;
				CLANG_WARN_ENUM_CONVERSION = YES;
				CLANG_WARN_INFINITE_RECURSION = YES;
				CLANG_WARN_INT_CONVERSION = YES;
				CLANG_WARN_OBJC_ROOT_CLASS = YES_ERROR;
				CLANG_WARN_SUSPICIOUS_MOVE = YES;
				CLANG_WARN_UNREACHABLE_CODE = YES;
				CLANG_WARN__DUPLICATE_METHOD_MATCH = YES;
				"CODE_SIGN_IDENTITY[sdk=iphoneos*]" = "iPhone Developer";
				COPY_PHASE_STRIP = NO;
				DEBUG_INFORMATION_FORMAT = "dwarf-with-dsym";
				ENABLE_NS_ASSERTIONS = NO;
				ENABLE_STRICT_OBJC_MSGSEND = YES;
				GCC_C_LANGUAGE_STANDARD = gnu99;
				GCC_NO_COMMON_BLOCKS = YES;
				GCC_WARN_64_TO_32_BIT_CONVERSION = YES;
				GCC_WARN_ABOUT_RETURN_TYPE = YES_ERROR;
				GCC_WARN_UNDECLARED_SELECTOR = YES;
				GCC_WARN_UNINITIALIZED_AUTOS = YES_AGGRESSIVE;
				GCC_WARN_UNUSED_FUNCTION = YES;
				GCC_WARN_UNUSED_VARIABLE = YES;
				IPHONEOS_DEPLOYMENT_TARGET = 10.2;
				MTL_ENABLE_DEBUG_INFO = NO;
				SDKROOT = iphoneos;
				SWIFT_OPTIMIZATION_LEVEL = "-Owholemodule";
				VALIDATE_PRODUCT = YES;
			};
			name = Release;
		};
		F470309A1E0AD1270050257A /* Debug */ = {
			isa = XCBuildConfiguration;
			buildSettings = {
				ASSETCATALOG_COMPILER_APPICON_NAME = AppIcon;
				DEVELOPMENT_TEAM = G7TV7283LG;
				INFOPLIST_FILE = Chevaun/Info.plist;
				LD_RUNPATH_SEARCH_PATHS = "$(inherited) @executable_path/Frameworks";
				PRODUCT_BUNDLE_IDENTIFIER = com.MLBNP.Chevaun;
				PRODUCT_NAME = "$(TARGET_NAME)";
				SWIFT_VERSION = 3.0;
			};
			name = Debug;
		};
		F470309B1E0AD1270050257A /* Release */ = {
			isa = XCBuildConfiguration;
			buildSettings = {
				ASSETCATALOG_COMPILER_APPICON_NAME = AppIcon;
				DEVELOPMENT_TEAM = G7TV7283LG;
				INFOPLIST_FILE = Chevaun/Info.plist;
				LD_RUNPATH_SEARCH_PATHS = "$(inherited) @executable_path/Frameworks";
				PRODUCT_BUNDLE_IDENTIFIER = com.MLBNP.Chevaun;
				PRODUCT_NAME = "$(TARGET_NAME)";
				SWIFT_VERSION = 3.0;
			};
			name = Release;
		};
/* End XCBuildConfiguration section */

/* Begin XCConfigurationList section */
		F47030821E0AD1270050257A /* Build configuration list for PBXProject "Chevaun" */ = {
			isa = XCConfigurationList;
			buildConfigurations = (
				F47030971E0AD1270050257A /* Debug */,
				F47030981E0AD1270050257A /* Release */,
			);
			defaultConfigurationIsVisible = 0;
			defaultConfigurationName = Release;
		};
		F47030991E0AD1270050257A /* Build configuration list for PBXNativeTarget "Chevaun" */ = {
			isa = XCConfigurationList;
			buildConfigurations = (
				F470309A1E0AD1270050257A /* Debug */,
				F470309B1E0AD1270050257A /* Release */,
			);
			defaultConfigurationIsVisible = 0;
		};
/* End XCConfigurationList section */
	};
	rootObject = F470307F1E0AD1270050257A /* Project object */;
}
