// !$*UTF8*$!
{
	archiveVersion = 1;
	classes = {
	};
	objectVersion = 46;
	objects = {

/* Begin PBXBuildFile section */
		733D875DDBD3B8A9187F4F7C /* Pods_Chevaun.framework in Frameworks */ = {isa = PBXBuildFile; fileRef = 8CF71FC4B38F5F883CC9A920 /* Pods_Chevaun.framework */; };
		F40555611E30EFB000784982 /* FriendModel.swift in Sources */ = {isa = PBXBuildFile; fileRef = F40555601E30EFB000784982 /* FriendModel.swift */; };
		F40555631E3135E900784982 /* AddingNewFriendViewController.swift in Sources */ = {isa = PBXBuildFile; fileRef = F40555621E3135E900784982 /* AddingNewFriendViewController.swift */; };
		F4107C071E10727200EAFBC4 /* ActivitiesArray.swift in Sources */ = {isa = PBXBuildFile; fileRef = F4107C061E10727200EAFBC4 /* ActivitiesArray.swift */; };
		F418815B1E1ECAB50089C3FD /* Activity.storyboard in Resources */ = {isa = PBXBuildFile; fileRef = F41881591E1ECAB50089C3FD /* Activity.storyboard */; };
		F418815D1E1ECB100089C3FD /* Profile.storyboard in Resources */ = {isa = PBXBuildFile; fileRef = F418815C1E1ECB100089C3FD /* Profile.storyboard */; };
		F418815F1E1ECE3E0089C3FD /* HappeningsViewController.swift in Sources */ = {isa = PBXBuildFile; fileRef = F418815E1E1ECE3E0089C3FD /* HappeningsViewController.swift */; };
		F41881641E1ECF6B0089C3FD /* Happenings.storyboard in Resources */ = {isa = PBXBuildFile; fileRef = F41881631E1ECF6B0089C3FD /* Happenings.storyboard */; };
		F43130F01E0E9A1000824B86 /* ActivityModel.swift in Sources */ = {isa = PBXBuildFile; fileRef = F43130EF1E0E9A1000824B86 /* ActivityModel.swift */; };
		F43130F21E0EAB9500824B86 /* ActivityCell.swift in Sources */ = {isa = PBXBuildFile; fileRef = F43130F11E0EAB9500824B86 /* ActivityCell.swift */; };
		F440AD581E0AF18A0016D771 /* ProfileViewController.swift in Sources */ = {isa = PBXBuildFile; fileRef = F440AD571E0AF18A0016D771 /* ProfileViewController.swift */; };
		F455B12D1E1AF56300C42689 /* ActivityReviewDelegate.swift in Sources */ = {isa = PBXBuildFile; fileRef = F455B12C1E1AF56300C42689 /* ActivityReviewDelegate.swift */; };
		F46BEC201E0F0B68003F68F3 /* AddNewActivityViewController.swift in Sources */ = {isa = PBXBuildFile; fileRef = F46BEC1F1E0F0B68003F68F3 /* AddNewActivityViewController.swift */; };
		F470308B1E0AD1270050257A /* AppDelegate.swift in Sources */ = {isa = PBXBuildFile; fileRef = F470308A1E0AD1270050257A /* AppDelegate.swift */; };
		F470308D1E0AD1270050257A /* ActivityViewController.swift in Sources */ = {isa = PBXBuildFile; fileRef = F470308C1E0AD1270050257A /* ActivityViewController.swift */; };
		F47030901E0AD1270050257A /* Main.storyboard in Resources */ = {isa = PBXBuildFile; fileRef = F470308E1E0AD1270050257A /* Main.storyboard */; };
		F47030921E0AD1270050257A /* Assets.xcassets in Resources */ = {isa = PBXBuildFile; fileRef = F47030911E0AD1270050257A /* Assets.xcassets */; };
		F47030951E0AD1270050257A /* LaunchScreen.storyboard in Resources */ = {isa = PBXBuildFile; fileRef = F47030931E0AD1270050257A /* LaunchScreen.storyboard */; };
		F470309D1E0AD1B40050257A /* GoogleService-Info.plist in Resources */ = {isa = PBXBuildFile; fileRef = F470309C1E0AD1B40050257A /* GoogleService-Info.plist */; };
		F481A2061E1993EA006733BB /* Extras.swift in Sources */ = {isa = PBXBuildFile; fileRef = F481A2051E1993EA006733BB /* Extras.swift */; };
		F49A38D31E0DDBD1004BCBC8 /* DataService.swift in Sources */ = {isa = PBXBuildFile; fileRef = F49A38D21E0DDBD1004BCBC8 /* DataService.swift */; };
		F4F255EB1E1406B1002F48B5 /* UserProfile.swift in Sources */ = {isa = PBXBuildFile; fileRef = F4F255EA1E1406B1002F48B5 /* UserProfile.swift */; };
		F4F2710D1E1F01E80061D7F3 /* Challenge.storyboard in Resources */ = {isa = PBXBuildFile; fileRef = F4F2710C1E1F01E80061D7F3 /* Challenge.storyboard */; };
		F4F2710F1E1F02120061D7F3 /* ChallengeViewController.swift in Sources */ = {isa = PBXBuildFile; fileRef = F4F2710E1E1F02120061D7F3 /* ChallengeViewController.swift */; };
		F4FCBD741E167ACD00F47619 /* ActivityReviewViewController.swift in Sources */ = {isa = PBXBuildFile; fileRef = F4FCBD731E167ACD00F47619 /* ActivityReviewViewController.swift */; };
/* End PBXBuildFile section */

/* Begin PBXFileReference section */
		7E28BC6578C91435A489BB91 /* Pods-Chevaun.debug.xcconfig */ = {isa = PBXFileReference; includeInIndex = 1; lastKnownFileType = text.xcconfig; name = "Pods-Chevaun.debug.xcconfig"; path = "Pods/Target Support Files/Pods-Chevaun/Pods-Chevaun.debug.xcconfig"; sourceTree = "<group>"; };
		8CF71FC4B38F5F883CC9A920 /* Pods_Chevaun.framework */ = {isa = PBXFileReference; explicitFileType = wrapper.framework; includeInIndex = 0; path = Pods_Chevaun.framework; sourceTree = BUILT_PRODUCTS_DIR; };
		BBA1CA9E7EEE8613145FF8C5 /* Pods-Chevaun.release.xcconfig */ = {isa = PBXFileReference; includeInIndex = 1; lastKnownFileType = text.xcconfig; name = "Pods-Chevaun.release.xcconfig"; path = "Pods/Target Support Files/Pods-Chevaun/Pods-Chevaun.release.xcconfig"; sourceTree = "<group>"; };
		F40555601E30EFB000784982 /* FriendModel.swift */ = {isa = PBXFileReference; fileEncoding = 4; lastKnownFileType = sourcecode.swift; path = FriendModel.swift; sourceTree = "<group>"; };
		F40555621E3135E900784982 /* AddingNewFriendViewController.swift */ = {isa = PBXFileReference; fileEncoding = 4; lastKnownFileType = sourcecode.swift; path = AddingNewFriendViewController.swift; sourceTree = "<group>"; };
		F4107C061E10727200EAFBC4 /* ActivitiesArray.swift */ = {isa = PBXFileReference; fileEncoding = 4; lastKnownFileType = sourcecode.swift; path = ActivitiesArray.swift; sourceTree = "<group>"; };
		F418815A1E1ECAB50089C3FD /* Base */ = {isa = PBXFileReference; lastKnownFileType = file.storyboard; name = Base; path = Base.lproj/Activity.storyboard; sourceTree = "<group>"; };
		F418815C1E1ECB100089C3FD /* Profile.storyboard */ = {isa = PBXFileReference; fileEncoding = 4; lastKnownFileType = file.storyboard; path = Profile.storyboard; sourceTree = "<group>"; };
		F418815E1E1ECE3E0089C3FD /* HappeningsViewController.swift */ = {isa = PBXFileReference; fileEncoding = 4; lastKnownFileType = sourcecode.swift; path = HappeningsViewController.swift; sourceTree = "<group>"; };
		F41881631E1ECF6B0089C3FD /* Happenings.storyboard */ = {isa = PBXFileReference; fileEncoding = 4; lastKnownFileType = file.storyboard; path = Happenings.storyboard; sourceTree = "<group>"; };
		F43130EF1E0E9A1000824B86 /* ActivityModel.swift */ = {isa = PBXFileReference; fileEncoding = 4; lastKnownFileType = sourcecode.swift; path = ActivityModel.swift; sourceTree = "<group>"; };
		F43130F11E0EAB9500824B86 /* ActivityCell.swift */ = {isa = PBXFileReference; fileEncoding = 4; lastKnownFileType = sourcecode.swift; path = ActivityCell.swift; sourceTree = "<group>"; };
		F440AD571E0AF18A0016D771 /* ProfileViewController.swift */ = {isa = PBXFileReference; fileEncoding = 4; lastKnownFileType = sourcecode.swift; path = ProfileViewController.swift; sourceTree = "<group>"; };
		F455B12C1E1AF56300C42689 /* ActivityReviewDelegate.swift */ = {isa = PBXFileReference; fileEncoding = 4; lastKnownFileType = sourcecode.swift; path = ActivityReviewDelegate.swift; sourceTree = "<group>"; };
		F46BEC1F1E0F0B68003F68F3 /* AddNewActivityViewController.swift */ = {isa = PBXFileReference; fileEncoding = 4; lastKnownFileType = sourcecode.swift; path = AddNewActivityViewController.swift; sourceTree = "<group>"; };
		F47030871E0AD1270050257A /* Chevaun.app */ = {isa = PBXFileReference; explicitFileType = wrapper.application; includeInIndex = 0; path = Chevaun.app; sourceTree = BUILT_PRODUCTS_DIR; };
		F470308A1E0AD1270050257A /* AppDelegate.swift */ = {isa = PBXFileReference; lastKnownFileType = sourcecode.swift; path = AppDelegate.swift; sourceTree = "<group>"; };
		F470308C1E0AD1270050257A /* ActivityViewController.swift */ = {isa = PBXFileReference; lastKnownFileType = sourcecode.swift; path = ActivityViewController.swift; sourceTree = "<group>"; };
		F470308F1E0AD1270050257A /* Base */ = {isa = PBXFileReference; lastKnownFileType = file.storyboard; name = Base; path = Base.lproj/Main.storyboard; sourceTree = "<group>"; };
		F47030911E0AD1270050257A /* Assets.xcassets */ = {isa = PBXFileReference; lastKnownFileType = folder.assetcatalog; path = Assets.xcassets; sourceTree = "<group>"; };
		F47030941E0AD1270050257A /* Base */ = {isa = PBXFileReference; lastKnownFileType = file.storyboard; name = Base; path = Base.lproj/LaunchScreen.storyboard; sourceTree = "<group>"; };
		F47030961E0AD1270050257A /* Info.plist */ = {isa = PBXFileReference; lastKnownFileType = text.plist.xml; path = Info.plist; sourceTree = "<group>"; };
		F470309C1E0AD1B40050257A /* GoogleService-Info.plist */ = {isa = PBXFileReference; fileEncoding = 4; lastKnownFileType = text.plist.xml; path = "GoogleService-Info.plist"; sourceTree = "<group>"; };
		F481A2051E1993EA006733BB /* Extras.swift */ = {isa = PBXFileReference; fileEncoding = 4; lastKnownFileType = sourcecode.swift; path = Extras.swift; sourceTree = "<group>"; };
		F49A38D21E0DDBD1004BCBC8 /* DataService.swift */ = {isa = PBXFileReference; fileEncoding = 4; lastKnownFileType = sourcecode.swift; path = DataService.swift; sourceTree = "<group>"; };
		F4F255EA1E1406B1002F48B5 /* UserProfile.swift */ = {isa = PBXFileReference; fileEncoding = 4; lastKnownFileType = sourcecode.swift; path = UserProfile.swift; sourceTree = "<group>"; };
		F4F2710C1E1F01E80061D7F3 /* Challenge.storyboard */ = {isa = PBXFileReference; fileEncoding = 4; lastKnownFileType = file.storyboard; path = Challenge.storyboard; sourceTree = "<group>"; };
		F4F2710E1E1F02120061D7F3 /* ChallengeViewController.swift */ = {isa = PBXFileReference; fileEncoding = 4; lastKnownFileType = sourcecode.swift; path = ChallengeViewController.swift; sourceTree = "<group>"; };
		F4FCBD731E167ACD00F47619 /* ActivityReviewViewController.swift */ = {isa = PBXFileReference; fileEncoding = 4; lastKnownFileType = sourcecode.swift; path = ActivityReviewViewController.swift; sourceTree = "<group>"; };
/* End PBXFileReference section */

/* Begin PBXFrameworksBuildPhase section */
		F47030841E0AD1270050257A /* Frameworks */ = {
			isa = PBXFrameworksBuildPhase;
			buildActionMask = 2147483647;
			files = (
				733D875DDBD3B8A9187F4F7C /* Pods_Chevaun.framework in Frameworks */,
			);
			runOnlyForDeploymentPostprocessing = 0;
		};
/* End PBXFrameworksBuildPhase section */

/* Begin PBXGroup section */
		8735022CC46D2DB1E31AF9F0 /* Pods */ = {
			isa = PBXGroup;
			children = (
				7E28BC6578C91435A489BB91 /* Pods-Chevaun.debug.xcconfig */,
				BBA1CA9E7EEE8613145FF8C5 /* Pods-Chevaun.release.xcconfig */,
			);
			name = Pods;
			sourceTree = "<group>";
		};
		A20B5B5960F0F4EC39FC2AC0 /* Frameworks */ = {
			isa = PBXGroup;
			children = (
				8CF71FC4B38F5F883CC9A920 /* Pods_Chevaun.framework */,
			);
			name = Frameworks;
			sourceTree = "<group>";
		};
		F440AD531E0AE88E0016D771 /* Model */ = {
			isa = PBXGroup;
			children = (
				F43130EF1E0E9A1000824B86 /* ActivityModel.swift */,
				F4107C061E10727200EAFBC4 /* ActivitiesArray.swift */,
				F4F255EA1E1406B1002F48B5 /* UserProfile.swift */,
				F40555601E30EFB000784982 /* FriendModel.swift */,
			);
			name = Model;
			sourceTree = "<group>";
		};
		F440AD541E0AE8940016D771 /* View */ = {
			isa = PBXGroup;
			children = (
				F43130F11E0EAB9500824B86 /* ActivityCell.swift */,
			);
			name = View;
			sourceTree = "<group>";
		};
		F440AD551E0AE89A0016D771 /* Controller */ = {
			isa = PBXGroup;
			children = (
				F46BEC1F1E0F0B68003F68F3 /* AddNewActivityViewController.swift */,
				F470308C1E0AD1270050257A /* ActivityViewController.swift */,
				F440AD571E0AF18A0016D771 /* ProfileViewController.swift */,
				F4FCBD731E167ACD00F47619 /* ActivityReviewViewController.swift */,
				F418815E1E1ECE3E0089C3FD /* HappeningsViewController.swift */,
				F4F2710E1E1F02120061D7F3 /* ChallengeViewController.swift */,
				F40555621E3135E900784982 /* AddingNewFriendViewController.swift */,
			);
			name = Controller;
			sourceTree = "<group>";
		};
		F440AD561E0AE8AF0016D771 /* Storyboards */ = {
			isa = PBXGroup;
			children = (
				F470308E1E0AD1270050257A /* Main.storyboard */,
				F4F2710C1E1F01E80061D7F3 /* Challenge.storyboard */,
				F41881631E1ECF6B0089C3FD /* Happenings.storyboard */,
				F418815C1E1ECB100089C3FD /* Profile.storyboard */,
				F41881591E1ECAB50089C3FD /* Activity.storyboard */,
				F47030931E0AD1270050257A /* LaunchScreen.storyboard */,
			);
			name = Storyboards;
			sourceTree = "<group>";
		};
		F455B12B1E1AF51D00C42689 /* Protocols */ = {
			isa = PBXGroup;
			children = (
				F455B12C1E1AF56300C42689 /* ActivityReviewDelegate.swift */,
			);
			name = Protocols;
			sourceTree = "<group>";
		};
		F470307E1E0AD1270050257A = {
			isa = PBXGroup;
			children = (
				F47030891E0AD1270050257A /* Chevaun */,
				F47030881E0AD1270050257A /* Products */,
				8735022CC46D2DB1E31AF9F0 /* Pods */,
				A20B5B5960F0F4EC39FC2AC0 /* Frameworks */,
			);
			sourceTree = "<group>";
		};
		F47030881E0AD1270050257A /* Products */ = {
			isa = PBXGroup;
			children = (
				F47030871E0AD1270050257A /* Chevaun.app */,
			);
			name = Products;
			sourceTree = "<group>";
		};
		F47030891E0AD1270050257A /* Chevaun */ = {
			isa = PBXGroup;
			children = (
				F455B12B1E1AF51D00C42689 /* Protocols */,
				F48ABF681E12F3960089BF7B /* Services */,
				F440AD561E0AE8AF0016D771 /* Storyboards */,
				F440AD551E0AE89A0016D771 /* Controller */,
				F440AD541E0AE8940016D771 /* View */,
				F440AD531E0AE88E0016D771 /* Model */,
				F470308A1E0AD1270050257A /* AppDelegate.swift */,
				F470309C1E0AD1B40050257A /* GoogleService-Info.plist */,
				F47030911E0AD1270050257A /* Assets.xcassets */,
				F47030961E0AD1270050257A /* Info.plist */,
				F481A2051E1993EA006733BB /* Extras.swift */,
			);
			path = Chevaun;
			sourceTree = "<group>";
		};
		F48ABF681E12F3960089BF7B /* Services */ = {
			isa = PBXGroup;
			children = (
				F49A38D21E0DDBD1004BCBC8 /* DataService.swift */,
			);
			name = Services;
			sourceTree = "<group>";
		};
/* End PBXGroup section */

/* Begin PBXNativeTarget section */
		F47030861E0AD1270050257A /* Chevaun */ = {
			isa = PBXNativeTarget;
			buildConfigurationList = F47030991E0AD1270050257A /* Build configuration list for PBXNativeTarget "Chevaun" */;
			buildPhases = (
				CC94A93C0768C03D25727E76 /* [CP] Check Pods Manifest.lock */,
				F47030831E0AD1270050257A /* Sources */,
				F47030841E0AD1270050257A /* Frameworks */,
				F47030851E0AD1270050257A /* Resources */,
				4E196262BDD63DCCA291FF84 /* [CP] Embed Pods Frameworks */,
				F0E404A6A9377EAD9B0C39ED /* [CP] Copy Pods Resources */,
			);
			buildRules = (
			);
			dependencies = (
			);
			name = Chevaun;
			productName = Chevaun;
			productReference = F47030871E0AD1270050257A /* Chevaun.app */;
			productType = "com.apple.product-type.application";
		};
/* End PBXNativeTarget section */

/* Begin PBXProject section */
		F470307F1E0AD1270050257A /* Project object */ = {
			isa = PBXProject;
			attributes = {
				LastSwiftUpdateCheck = 0820;
				LastUpgradeCheck = 0820;
				ORGANIZATIONNAME = MLBNP;
				TargetAttributes = {
					F47030861E0AD1270050257A = {
						CreatedOnToolsVersion = 8.2.1;
						DevelopmentTeam = G7TV7283LG;
						ProvisioningStyle = Automatic;
					};
				};
			};
			buildConfigurationList = F47030821E0AD1270050257A /* Build configuration list for PBXProject "Chevaun" */;
			compatibilityVersion = "Xcode 3.2";
			developmentRegion = English;
			hasScannedForEncodings = 0;
			knownRegions = (
				en,
				Base,
			);
			mainGroup = F470307E1E0AD1270050257A;
			productRefGroup = F47030881E0AD1270050257A /* Products */;
			projectDirPath = "";
			projectRoot = "";
			targets = (
				F47030861E0AD1270050257A /* Chevaun */,
			);
		};
/* End PBXProject section */

/* Begin PBXResourcesBuildPhase section */
		F47030851E0AD1270050257A /* Resources */ = {
			isa = PBXResourcesBuildPhase;
			buildActionMask = 2147483647;
			files = (
				F418815D1E1ECB100089C3FD /* Profile.storyboard in Resources */,
				F47030951E0AD1270050257A /* LaunchScreen.storyboard in Resources */,
				F47030921E0AD1270050257A /* Assets.xcassets in Resources */,
				F418815B1E1ECAB50089C3FD /* Activity.storyboard in Resources */,
				F470309D1E0AD1B40050257A /* GoogleService-Info.plist in Resources */,
				F41881641E1ECF6B0089C3FD /* Happenings.storyboard in Resources */,
				F4F2710D1E1F01E80061D7F3 /* Challenge.storyboard in Resources */,
				F47030901E0AD1270050257A /* Main.storyboard in Resources */,
			);
			runOnlyForDeploymentPostprocessing = 0;
		};
/* End PBXResourcesBuildPhase section */

/* Begin PBXShellScriptBuildPhase section */
		4E196262BDD63DCCA291FF84 /* [CP] Embed Pods Frameworks */ = {
			isa = PBXShellScriptBuildPhase;
			buildActionMask = 2147483647;
			files = (
			);
			inputPaths = (
			);
			name = "[CP] Embed Pods Frameworks";
			outputPaths = (
			);
			runOnlyForDeploymentPostprocessing = 0;
			shellPath = /bin/sh;
			shellScript = "\"${SRCROOT}/Pods/Target Support Files/Pods-Chevaun/Pods-Chevaun-frameworks.sh\"\n";
			showEnvVarsInLog = 0;
		};
		CC94A93C0768C03D25727E76 /* [CP] Check Pods Manifest.lock */ = {
			isa = PBXShellScriptBuildPhase;
			buildActionMask = 2147483647;
			files = (
			);
			inputPaths = (
			);
			name = "[CP] Check Pods Manifest.lock";
			outputPaths = (
			);
			runOnlyForDeploymentPostprocessing = 0;
			shellPath = /bin/sh;
			shellScript = "diff \"${PODS_ROOT}/../Podfile.lock\" \"${PODS_ROOT}/Manifest.lock\" > /dev/null\nif [ $? != 0 ] ; then\n    # print error to STDERR\n    echo \"error: The sandbox is not in sync with the Podfile.lock. Run 'pod install' or update your CocoaPods installation.\" >&2\n    exit 1\nfi\n";
			showEnvVarsInLog = 0;
		};
		F0E404A6A9377EAD9B0C39ED /* [CP] Copy Pods Resources */ = {
			isa = PBXShellScriptBuildPhase;
			buildActionMask = 2147483647;
			files = (
			);
			inputPaths = (
			);
			name = "[CP] Copy Pods Resources";
			outputPaths = (
			);
			runOnlyForDeploymentPostprocessing = 0;
			shellPath = /bin/sh;
			shellScript = "\"${SRCROOT}/Pods/Target Support Files/Pods-Chevaun/Pods-Chevaun-resources.sh\"\n";
			showEnvVarsInLog = 0;
		};
/* End PBXShellScriptBuildPhase section */

/* Begin PBXSourcesBuildPhase section */
		F47030831E0AD1270050257A /* Sources */ = {
			isa = PBXSourcesBuildPhase;
			buildActionMask = 2147483647;
			files = (
				F43130F01E0E9A1000824B86 /* ActivityModel.swift in Sources */,
				F46BEC201E0F0B68003F68F3 /* AddNewActivityViewController.swift in Sources */,
				F440AD581E0AF18A0016D771 /* ProfileViewController.swift in Sources */,
				F4FCBD741E167ACD00F47619 /* ActivityReviewViewController.swift in Sources */,
				F4F2710F1E1F02120061D7F3 /* ChallengeViewController.swift in Sources */,
				F43130F21E0EAB9500824B86 /* ActivityCell.swift in Sources */,
				F40555631E3135E900784982 /* AddingNewFriendViewController.swift in Sources */,
				F455B12D1E1AF56300C42689 /* ActivityReviewDelegate.swift in Sources */,
				F481A2061E1993EA006733BB /* Extras.swift in Sources */,
				F4107C071E10727200EAFBC4 /* ActivitiesArray.swift in Sources */,
				F470308D1E0AD1270050257A /* ActivityViewController.swift in Sources */,
				F40555611E30EFB000784982 /* FriendModel.swift in Sources */,
				F418815F1E1ECE3E0089C3FD /* HappeningsViewController.swift in Sources */,
				F470308B1E0AD1270050257A /* AppDelegate.swift in Sources */,
				F49A38D31E0DDBD1004BCBC8 /* DataService.swift in Sources */,
				F4F255EB1E1406B1002F48B5 /* UserProfile.swift in Sources */,
			);
			runOnlyForDeploymentPostprocessing = 0;
		};
/* End PBXSourcesBuildPhase section */

/* Begin PBXVariantGroup section */
		F41881591E1ECAB50089C3FD /* Activity.storyboard */ = {
			isa = PBXVariantGroup;
			children = (
				F418815A1E1ECAB50089C3FD /* Base */,
			);
			name = Activity.storyboard;
			sourceTree = "<group>";
		};
		F470308E1E0AD1270050257A /* Main.storyboard */ = {
			isa = PBXVariantGroup;
			children = (
				F470308F1E0AD1270050257A /* Base */,
			);
			name = Main.storyboard;
			sourceTree = "<group>";
		};
		F47030931E0AD1270050257A /* LaunchScreen.storyboard */ = {
			isa = PBXVariantGroup;
			children = (
				F47030941E0AD1270050257A /* Base */,
			);
			name = LaunchScreen.storyboard;
			sourceTree = "<group>";
		};
/* End PBXVariantGroup section */

/* Begin XCBuildConfiguration section */
		F47030971E0AD1270050257A /* Debug */ = {
			isa = XCBuildConfiguration;
			buildSettings = {
				ALWAYS_SEARCH_USER_PATHS = NO;
				CLANG_ANALYZER_NONNULL = YES;
				CLANG_CXX_LANGUAGE_STANDARD = "gnu++0x";
				CLANG_CXX_LIBRARY = "libc++";
				CLANG_ENABLE_MODULES = YES;
				CLANG_ENABLE_OBJC_ARC = YES;
				CLANG_WARN_BOOL_CONVERSION = YES;
				CLANG_WARN_CONSTANT_CONVERSION = YES;
				CLANG_WARN_DIRECT_OBJC_ISA_USAGE = YES_ERROR;
				CLANG_WARN_DOCUMENTATION_COMMENTS = YES;
				CLANG_WARN_EMPTY_BODY = YES;
				CLANG_WARN_ENUM_CONVERSION = YES;
				CLANG_WARN_INFINITE_RECURSION = YES;
				CLANG_WARN_INT_CONVERSION = YES;
				CLANG_WARN_OBJC_ROOT_CLASS = YES_ERROR;
				CLANG_WARN_SUSPICIOUS_MOVE = YES;
				CLANG_WARN_UNREACHABLE_CODE = YES;
				CLANG_WARN__DUPLICATE_METHOD_MATCH = YES;
				"CODE_SIGN_IDENTITY[sdk=iphoneos*]" = "iPhone Developer";
				COPY_PHASE_STRIP = NO;
				DEBUG_INFORMATION_FORMAT = dwarf;
				ENABLE_STRICT_OBJC_MSGSEND = YES;
				ENABLE_TESTABILITY = YES;
				GCC_C_LANGUAGE_STANDARD = gnu99;
				GCC_DYNAMIC_NO_PIC = NO;
				GCC_NO_COMMON_BLOCKS = YES;
				GCC_OPTIMIZATION_LEVEL = 0;
				GCC_PREPROCESSOR_DEFINITIONS = (
					"DEBUG=1",
					"$(inherited)",
				);
				GCC_WARN_64_TO_32_BIT_CONVERSION = YES;
				GCC_WARN_ABOUT_RETURN_TYPE = YES_ERROR;
				GCC_WARN_UNDECLARED_SELECTOR = YES;
				GCC_WARN_UNINITIALIZED_AUTOS = YES_AGGRESSIVE;
				GCC_WARN_UNUSED_FUNCTION = YES;
				GCC_WARN_UNUSED_VARIABLE = YES;
				IPHONEOS_DEPLOYMENT_TARGET = 10.2;
				MTL_ENABLE_DEBUG_INFO = YES;
				ONLY_ACTIVE_ARCH = YES;
				SDKROOT = iphoneos;
				SWIFT_ACTIVE_COMPILATION_CONDITIONS = DEBUG;
				SWIFT_OPTIMIZATION_LEVEL = "-Onone";
			};
			name = Debug;
		};
		F47030981E0AD1270050257A /* Release */ = {
			isa = XCBuildConfiguration;
			buildSettings = {
				ALWAYS_SEARCH_USER_PATHS = NO;
				CLANG_ANALYZER_NONNULL = YES;
				CLANG_CXX_LANGUAGE_STANDARD = "gnu++0x";
				CLANG_CXX_LIBRARY = "libc++";
				CLANG_ENABLE_MODULES = YES;
				CLANG_ENABLE_OBJC_ARC = YES;
				CLANG_WARN_BOOL_CONVERSION = YES;
				CLANG_WARN_CONSTANT_CONVERSION = YES;
				CLANG_WARN_DIRECT_OBJC_ISA_USAGE = YES_ERROR;
				CLANG_WARN_DOCUMENTATION_COMMENTS = YES;
				CLANG_WARN_EMPTY_BODY = YES;
				CLANG_WARN_ENUM_CONVERSION = YES;
				CLANG_WARN_INFINITE_RECURSION = YES;
				CLANG_WARN_INT_CONVERSION = YES;
				CLANG_WARN_OBJC_ROOT_CLASS = YES_ERROR;
				CLANG_WARN_SUSPICIOUS_MOVE = YES;
				CLANG_WARN_UNREACHABLE_CODE = YES;
				CLANG_WARN__DUPLICATE_METHOD_MATCH = YES;
				"CODE_SIGN_IDENTITY[sdk=iphoneos*]" = "iPhone Developer";
				COPY_PHASE_STRIP = NO;
				DEBUG_INFORMATION_FORMAT = "dwarf-with-dsym";
				ENABLE_NS_ASSERTIONS = NO;
				ENABLE_STRICT_OBJC_MSGSEND = YES;
				GCC_C_LANGUAGE_STANDARD = gnu99;
				GCC_NO_COMMON_BLOCKS = YES;
				GCC_WARN_64_TO_32_BIT_CONVERSION = YES;
				GCC_WARN_ABOUT_RETURN_TYPE = YES_ERROR;
				GCC_WARN_UNDECLARED_SELECTOR = YES;
				GCC_WARN_UNINITIALIZED_AUTOS = YES_AGGRESSIVE;
				GCC_WARN_UNUSED_FUNCTION = YES;
				GCC_WARN_UNUSED_VARIABLE = YES;
				IPHONEOS_DEPLOYMENT_TARGET = 10.2;
				MTL_ENABLE_DEBUG_INFO = NO;
				SDKROOT = iphoneos;
				SWIFT_OPTIMIZATION_LEVEL = "-Owholemodule";
				VALIDATE_PRODUCT = YES;
			};
			name = Release;
		};
		F470309A1E0AD1270050257A /* Debug */ = {
			isa = XCBuildConfiguration;
			baseConfigurationReference = 7E28BC6578C91435A489BB91 /* Pods-Chevaun.debug.xcconfig */;
			buildSettings = {
				ASSETCATALOG_COMPILER_APPICON_NAME = AppIcon;
				DEVELOPMENT_TEAM = G7TV7283LG;
				INFOPLIST_FILE = Chevaun/Info.plist;
				IPHONEOS_DEPLOYMENT_TARGET = 10.0;
				LD_RUNPATH_SEARCH_PATHS = "$(inherited) @executable_path/Frameworks";
				PRODUCT_BUNDLE_IDENTIFIER = com.MLBNP.Chevaun;
				PRODUCT_NAME = "$(TARGET_NAME)";
				SWIFT_VERSION = 3.0;
				TARGETED_DEVICE_FAMILY = 1;
			};
			name = Debug;
		};
		F470309B1E0AD1270050257A /* Release */ = {
			isa = XCBuildConfiguration;
			baseConfigurationReference = BBA1CA9E7EEE8613145FF8C5 /* Pods-Chevaun.release.xcconfig */;
			buildSettings = {
				ASSETCATALOG_COMPILER_APPICON_NAME = AppIcon;
				DEVELOPMENT_TEAM = G7TV7283LG;
				INFOPLIST_FILE = Chevaun/Info.plist;
				IPHONEOS_DEPLOYMENT_TARGET = 10.0;
				LD_RUNPATH_SEARCH_PATHS = "$(inherited) @executable_path/Frameworks";
				PRODUCT_BUNDLE_IDENTIFIER = com.MLBNP.Chevaun;
				PRODUCT_NAME = "$(TARGET_NAME)";
				SWIFT_VERSION = 3.0;
				TARGETED_DEVICE_FAMILY = 1;
			};
			name = Release;
		};
/* End XCBuildConfiguration section */

/* Begin XCConfigurationList section */
		F47030821E0AD1270050257A /* Build configuration list for PBXProject "Chevaun" */ = {
			isa = XCConfigurationList;
			buildConfigurations = (
				F47030971E0AD1270050257A /* Debug */,
				F47030981E0AD1270050257A /* Release */,
			);
			defaultConfigurationIsVisible = 0;
			defaultConfigurationName = Release;
		};
		F47030991E0AD1270050257A /* Build configuration list for PBXNativeTarget "Chevaun" */ = {
			isa = XCConfigurationList;
			buildConfigurations = (
				F470309A1E0AD1270050257A /* Debug */,
				F470309B1E0AD1270050257A /* Release */,
			);
			defaultConfigurationIsVisible = 0;
			defaultConfigurationName = Release;
		};
/* End XCConfigurationList section */
	};
	rootObject = F470307F1E0AD1270050257A /* Project object */;
}
